
Microsoft Visual Studio Solution File, Format Version 12.00
# Visual Studio Version 17
VisualStudioVersion = 17.14.36202.13
MinimumVisualStudioVersion = 10.0.40219.1
Project("{FAE04EC0-301F-11D3-BF4B-00C04F79EFBC}") = "custom-instruction-example", "custom-instruction-example\custom-instruction-example.csproj", "{DFEFDDA0-0341-4A35-9D2C-3246B9CF3C6F}"
EndProject
Project("{2150E333-8FDC-42A3-9474-1A3956D46DE8}") = "ソリューション項目", "ソリューション項目", "{2022CB0F-8BAF-F49E-0C48-8EF4C96EC109}"
	ProjectSection(SolutionItems) = preProject
		.gitignore = .gitignore
	EndProjectSection
EndProject
Global
	GlobalSection(SolutionConfigurationPlatforms) = preSolution
		Debug|Any CPU = Debug|Any CPU
		Release|Any CPU = Release|Any CPU
	EndGlobalSection
	GlobalSection(ProjectConfigurationPlatforms) = postSolution
		{DFEFDDA0-0341-4A35-9D2C-3246B9CF3C6F}.Debug|Any CPU.ActiveCfg = Debug|Any CPU
		{DFEFDDA0-0341-4A35-9D2C-3246B9CF3C6F}.Debug|Any CPU.Build.0 = Debug|Any CPU
		{DFEFDDA0-0341-4A35-9D2C-3246B9CF3C6F}.Release|Any CPU.ActiveCfg = Release|Any CPU
		{DFEFDDA0-0341-4A35-9D2C-3246B9CF3C6F}.Release|Any CPU.Build.0 = Release|Any CPU
	EndGlobalSection
	GlobalSection(SolutionProperties) = preSolution
		HideSolutionNode = FALSE
	EndGlobalSection
	GlobalSection(ExtensibilityGlobals) = postSolution
		SolutionGuid = {EB06F1F6-59C1-4DA7-ACD8-4C5C240D4D19}
	EndGlobalSection
EndGlobal
